
Microsoft Visual Studio Solution File, Format Version 11.00
# Visual Studio 2010
Project("{FAE04EC0-301F-11D3-BF4B-00C04F79EFBC}") = "Assembly-CSharp", "Assembly-CSharp.csproj", "{EA8AC5DF-CC42-FABE-E241-24D57A6AF932}"
EndProject
Project("{FAE04EC0-301F-11D3-BF4B-00C04F79EFBC}") = "Unity.XR.Interaction.Toolkit.Samples.StarterAssets", "Unity.XR.Interaction.Toolkit.Samples.StarterAssets.csproj", "{4D6CD733-E6B1-6DD4-CAC6-CF3DC641A6B4}"
EndProject
Project("{FAE04EC0-301F-11D3-BF4B-00C04F79EFBC}") = "Unity.XR.Interaction.Toolkit.Samples.DeviceSimulator", "Unity.XR.Interaction.Toolkit.Samples.DeviceSimulator.csproj", "{2B3F70FC-A604-3AC3-E9F2-D1E8D63FD563}"
EndProject
Global
	GlobalSection(SolutionConfigurationPlatforms) = preSolution
		Debug|Any CPU = Debug|Any CPU
		Release|Any CPU = Release|Any CPU
	EndGlobalSection
	GlobalSection(ProjectConfigurationPlatforms) = postSolution
		{EA8AC5DF-CC42-FABE-E241-24D57A6AF932}.Debug|Any CPU.ActiveCfg = Debug|Any CPU
		{EA8AC5DF-CC42-FABE-E241-24D57A6AF932}.Debug|Any CPU.Build.0 = Debug|Any CPU
		{EA8AC5DF-CC42-FABE-E241-24D57A6AF932}.Release|Any CPU.ActiveCfg = Release|Any CPU
		{EA8AC5DF-CC42-FABE-E241-24D57A6AF932}.Release|Any CPU.Build.0 = Release|Any CPU
		{4D6CD733-E6B1-6DD4-CAC6-CF3DC641A6B4}.Debug|Any CPU.ActiveCfg = Debug|Any CPU
		{4D6CD733-E6B1-6DD4-CAC6-CF3DC641A6B4}.Debug|Any CPU.Build.0 = Debug|Any CPU
		{4D6CD733-E6B1-6DD4-CAC6-CF3DC641A6B4}.Release|Any CPU.ActiveCfg = Release|Any CPU
		{4D6CD733-E6B1-6DD4-CAC6-CF3DC641A6B4}.Release|Any CPU.Build.0 = Release|Any CPU
		{2B3F70FC-A604-3AC3-E9F2-D1E8D63FD563}.Debug|Any CPU.ActiveCfg = Debug|Any CPU
		{2B3F70FC-A604-3AC3-E9F2-D1E8D63FD563}.Debug|Any CPU.Build.0 = Debug|Any CPU
		{2B3F70FC-A604-3AC3-E9F2-D1E8D63FD563}.Release|Any CPU.ActiveCfg = Release|Any CPU
		{2B3F70FC-A604-3AC3-E9F2-D1E8D63FD563}.Release|Any CPU.Build.0 = Release|Any CPU
	EndGlobalSection
	GlobalSection(SolutionProperties) = preSolution
		HideSolutionNode = FALSE
	EndGlobalSection
EndGlobal
